
Microsoft Visual Studio Solution File, Format Version 12.00
# Visual Studio Version 17
VisualStudioVersion = 17.9.34723.18
MinimumVisualStudioVersion = 10.0.40219.1
Project("{2150E333-8FDC-42A3-9474-1A3956D46DE8}") = "Demo", "Demo", "{89CDA52A-2094-4027-84DF-F6557855F69A}"
EndProject
Project("{9A19103F-16F7-4668-BE54-9A1E7A4F7556}") = "ApiGateway", "ApiGateway\ApiGateway.csproj", "{99529558-0D6C-4638-B83F-9DADC82F9B5A}"
EndProject
Project("{2150E333-8FDC-42A3-9474-1A3956D46DE8}") = "UserService", "UserService", "{57E1DBE0-2317-4881-8595-DDBE31020261}"
EndProject
Project("{2150E333-8FDC-42A3-9474-1A3956D46DE8}") = "ProductService", "ProductService", "{78EF60DA-22CE-44DE-9161-B031C5BD7794}"
EndProject
Project("{9A19103F-16F7-4668-BE54-9A1E7A4F7556}") = "UserService.Dtos", "UserService.Dtos\UserService.Dtos.csproj", "{133160B2-576C-4897-8BBD-898C44DA83B0}"
EndProject
Project("{9A19103F-16F7-4668-BE54-9A1E7A4F7556}") = "UserService.Entities", "UserService.Entitys\UserService.Entities.csproj", "{DA620F79-9815-41E2-BCC5-96EB6AAD8C4B}"
EndProject
Project("{9A19103F-16F7-4668-BE54-9A1E7A4F7556}") = "EasyDapr.Core", "EasyDapr.Core\EasyDapr.Core.csproj", "{F25881F1-A991-4F63-9E25-8B9AD7850134}"
EndProject
Project("{9A19103F-16F7-4668-BE54-9A1E7A4F7556}") = "UserService.Host", "UserService.Host\UserService.Host.csproj", "{6A00E364-4A98-4644-9CF8-14FCC108432B}"
EndProject
Project("{FAE04EC0-301F-11D3-BF4B-00C04F79EFBC}") = "UserService.AppService", "UserService.AppService\UserService.AppService.csproj", "{03975060-99B8-4C90-A07C-6A3B7343CF33}"
EndProject
Project("{FAE04EC0-301F-11D3-BF4B-00C04F79EFBC}") = "UserService.IAppService", "UserService.IAppService\UserService.IAppService.csproj", "{2BD970DC-9922-4BB8-B6A0-090989730F74}"
EndProject
Project("{FAE04EC0-301F-11D3-BF4B-00C04F79EFBC}") = "ProductService.AppService", "ProductService.AppService\ProductService.AppService.csproj", "{59FAE9C9-A57B-4115-96C5-DE3D399492BC}"
EndProject
Project("{FAE04EC0-301F-11D3-BF4B-00C04F79EFBC}") = "ProductService.Dtos", "ProductService.Dtos\ProductService.Dtos.csproj", "{06F6CBC2-44AD-444C-A039-68C9C0F46C10}"
EndProject
Project("{FAE04EC0-301F-11D3-BF4B-00C04F79EFBC}") = "ProductService.Host", "ProductService.Host\ProductService.Host.csproj", "{39C8F54D-E37D-49E3-A5BE-A19347377833}"
EndProject
Project("{FAE04EC0-301F-11D3-BF4B-00C04F79EFBC}") = "ProductService.IAppService", "ProductService.IAppService\ProductService.IAppService.csproj", "{21988A07-4DD2-436B-A923-F77C6006407C}"
EndProject
Project("{2150E333-8FDC-42A3-9474-1A3956D46DE8}") = "Tools", "Tools", "{CB2D8EA9-94C4-4FCD-9775-115D82E3AAD9}"
EndProject
Project("{FAE04EC0-301F-11D3-BF4B-00C04F79EFBC}") = "EasyDapr.DaprInvokeGenerator", "EasyDapr.DaprInvokeGenerator\EasyDapr.DaprInvokeGenerator.csproj", "{BAAA5D16-BAA1-4691-AF0E-49CC2284CCC7}"
EndProject
Global
	GlobalSection(SolutionConfigurationPlatforms) = preSolution
		Debug|Any CPU = Debug|Any CPU
		Release|Any CPU = Release|Any CPU
	EndGlobalSection
	GlobalSection(ProjectConfigurationPlatforms) = postSolution
		{99529558-0D6C-4638-B83F-9DADC82F9B5A}.Debug|Any CPU.ActiveCfg = Debug|Any CPU
		{99529558-0D6C-4638-B83F-9DADC82F9B5A}.Debug|Any CPU.Build.0 = Debug|Any CPU
		{99529558-0D6C-4638-B83F-9DADC82F9B5A}.Release|Any CPU.ActiveCfg = Release|Any CPU
		{99529558-0D6C-4638-B83F-9DADC82F9B5A}.Release|Any CPU.Build.0 = Release|Any CPU
		{133160B2-576C-4897-8BBD-898C44DA83B0}.Debug|Any CPU.ActiveCfg = Debug|Any CPU
		{133160B2-576C-4897-8BBD-898C44DA83B0}.Debug|Any CPU.Build.0 = Debug|Any CPU
		{133160B2-576C-4897-8BBD-898C44DA83B0}.Release|Any CPU.ActiveCfg = Release|Any CPU
		{133160B2-576C-4897-8BBD-898C44DA83B0}.Release|Any CPU.Build.0 = Release|Any CPU
		{DA620F79-9815-41E2-BCC5-96EB6AAD8C4B}.Debug|Any CPU.ActiveCfg = Debug|Any CPU
		{DA620F79-9815-41E2-BCC5-96EB6AAD8C4B}.Debug|Any CPU.Build.0 = Debug|Any CPU
		{DA620F79-9815-41E2-BCC5-96EB6AAD8C4B}.Release|Any CPU.ActiveCfg = Release|Any CPU
		{DA620F79-9815-41E2-BCC5-96EB6AAD8C4B}.Release|Any CPU.Build.0 = Release|Any CPU
		{F25881F1-A991-4F63-9E25-8B9AD7850134}.Debug|Any CPU.ActiveCfg = Debug|Any CPU
		{F25881F1-A991-4F63-9E25-8B9AD7850134}.Debug|Any CPU.Build.0 = Debug|Any CPU
		{F25881F1-A991-4F63-9E25-8B9AD7850134}.Release|Any CPU.ActiveCfg = Release|Any CPU
		{F25881F1-A991-4F63-9E25-8B9AD7850134}.Release|Any CPU.Build.0 = Release|Any CPU
		{6A00E364-4A98-4644-9CF8-14FCC108432B}.Debug|Any CPU.ActiveCfg = Debug|Any CPU
		{6A00E364-4A98-4644-9CF8-14FCC108432B}.Debug|Any CPU.Build.0 = Debug|Any CPU
		{6A00E364-4A98-4644-9CF8-14FCC108432B}.Release|Any CPU.ActiveCfg = Release|Any CPU
		{6A00E364-4A98-4644-9CF8-14FCC108432B}.Release|Any CPU.Build.0 = Release|Any CPU
		{03975060-99B8-4C90-A07C-6A3B7343CF33}.Debug|Any CPU.ActiveCfg = Debug|Any CPU
		{03975060-99B8-4C90-A07C-6A3B7343CF33}.Debug|Any CPU.Build.0 = Debug|Any CPU
		{03975060-99B8-4C90-A07C-6A3B7343CF33}.Release|Any CPU.ActiveCfg = Release|Any CPU
		{03975060-99B8-4C90-A07C-6A3B7343CF33}.Release|Any CPU.Build.0 = Release|Any CPU
		{2BD970DC-9922-4BB8-B6A0-090989730F74}.Debug|Any CPU.ActiveCfg = Debug|Any CPU
		{2BD970DC-9922-4BB8-B6A0-090989730F74}.Debug|Any CPU.Build.0 = Debug|Any CPU
		{2BD970DC-9922-4BB8-B6A0-090989730F74}.Release|Any CPU.ActiveCfg = Release|Any CPU
		{2BD970DC-9922-4BB8-B6A0-090989730F74}.Release|Any CPU.Build.0 = Release|Any CPU
		{59FAE9C9-A57B-4115-96C5-DE3D399492BC}.Debug|Any CPU.ActiveCfg = Debug|Any CPU
		{59FAE9C9-A57B-4115-96C5-DE3D399492BC}.Debug|Any CPU.Build.0 = Debug|Any CPU
		{59FAE9C9-A57B-4115-96C5-DE3D399492BC}.Release|Any CPU.ActiveCfg = Release|Any CPU
		{59FAE9C9-A57B-4115-96C5-DE3D399492BC}.Release|Any CPU.Build.0 = Release|Any CPU
		{06F6CBC2-44AD-444C-A039-68C9C0F46C10}.Debug|Any CPU.ActiveCfg = Debug|Any CPU
		{06F6CBC2-44AD-444C-A039-68C9C0F46C10}.Debug|Any CPU.Build.0 = Debug|Any CPU
		{06F6CBC2-44AD-444C-A039-68C9C0F46C10}.Release|Any CPU.ActiveCfg = Release|Any CPU
		{06F6CBC2-44AD-444C-A039-68C9C0F46C10}.Release|Any CPU.Build.0 = Release|Any CPU
		{39C8F54D-E37D-49E3-A5BE-A19347377833}.Debug|Any CPU.ActiveCfg = Debug|Any CPU
		{39C8F54D-E37D-49E3-A5BE-A19347377833}.Debug|Any CPU.Build.0 = Debug|Any CPU
		{39C8F54D-E37D-49E3-A5BE-A19347377833}.Release|Any CPU.ActiveCfg = Release|Any CPU
		{39C8F54D-E37D-49E3-A5BE-A19347377833}.Release|Any CPU.Build.0 = Release|Any CPU
		{21988A07-4DD2-436B-A923-F77C6006407C}.Debug|Any CPU.ActiveCfg = Debug|Any CPU
		{21988A07-4DD2-436B-A923-F77C6006407C}.Debug|Any CPU.Build.0 = Debug|Any CPU
		{21988A07-4DD2-436B-A923-F77C6006407C}.Release|Any CPU.ActiveCfg = Release|Any CPU
		{21988A07-4DD2-436B-A923-F77C6006407C}.Release|Any CPU.Build.0 = Release|Any CPU
		{BAAA5D16-BAA1-4691-AF0E-49CC2284CCC7}.Debug|Any CPU.ActiveCfg = Debug|Any CPU
		{BAAA5D16-BAA1-4691-AF0E-49CC2284CCC7}.Debug|Any CPU.Build.0 = Debug|Any CPU
		{BAAA5D16-BAA1-4691-AF0E-49CC2284CCC7}.Release|Any CPU.ActiveCfg = Release|Any CPU
		{BAAA5D16-BAA1-4691-AF0E-49CC2284CCC7}.Release|Any CPU.Build.0 = Release|Any CPU
	EndGlobalSection
	GlobalSection(SolutionProperties) = preSolution
		HideSolutionNode = FALSE
	EndGlobalSection
	GlobalSection(NestedProjects) = preSolution
		{99529558-0D6C-4638-B83F-9DADC82F9B5A} = {89CDA52A-2094-4027-84DF-F6557855F69A}
		{57E1DBE0-2317-4881-8595-DDBE31020261} = {89CDA52A-2094-4027-84DF-F6557855F69A}
		{78EF60DA-22CE-44DE-9161-B031C5BD7794} = {89CDA52A-2094-4027-84DF-F6557855F69A}
		{133160B2-576C-4897-8BBD-898C44DA83B0} = {57E1DBE0-2317-4881-8595-DDBE31020261}
		{DA620F79-9815-41E2-BCC5-96EB6AAD8C4B} = {57E1DBE0-2317-4881-8595-DDBE31020261}
		{6A00E364-4A98-4644-9CF8-14FCC108432B} = {57E1DBE0-2317-4881-8595-DDBE31020261}
		{03975060-99B8-4C90-A07C-6A3B7343CF33} = {57E1DBE0-2317-4881-8595-DDBE31020261}
		{2BD970DC-9922-4BB8-B6A0-090989730F74} = {57E1DBE0-2317-4881-8595-DDBE31020261}
		{59FAE9C9-A57B-4115-96C5-DE3D399492BC} = {78EF60DA-22CE-44DE-9161-B031C5BD7794}
		{06F6CBC2-44AD-444C-A039-68C9C0F46C10} = {78EF60DA-22CE-44DE-9161-B031C5BD7794}
		{39C8F54D-E37D-49E3-A5BE-A19347377833} = {78EF60DA-22CE-44DE-9161-B031C5BD7794}
		{21988A07-4DD2-436B-A923-F77C6006407C} = {78EF60DA-22CE-44DE-9161-B031C5BD7794}
		{BAAA5D16-BAA1-4691-AF0E-49CC2284CCC7} = {CB2D8EA9-94C4-4FCD-9775-115D82E3AAD9}
	EndGlobalSection
	GlobalSection(ExtensibilityGlobals) = postSolution
		SolutionGuid = {F8954954-2423-4CAD-957B-FECC79799B74}
	EndGlobalSection
EndGlobal
